// !$*UTF8*$!
{
	archiveVersion = 1;
	classes = {
	};
	objectVersion = 56;
	objects = {

/* Begin PBXBuildFile section */
		A566A3FD2B10A805009E0503 /* InventoryListView.swift in Sources */ = {isa = PBXBuildFile; fileRef = A566A3FC2B10A805009E0503 /* InventoryListView.swift */; };
		A566A4002B10AC68009E0503 /* InventoryFormView.swift in Sources */ = {isa = PBXBuildFile; fileRef = A566A3FF2B10AC68009E0503 /* InventoryFormView.swift */; };
		A566A4032B10ACCB009E0503 /* InventoryFormVM.swift in Sources */ = {isa = PBXBuildFile; fileRef = A566A4022B10ACCB009E0503 /* InventoryFormVM.swift */; };
		A57311302B0F6A79004E40ED /* InventoryItem.swift in Sources */ = {isa = PBXBuildFile; fileRef = A573112F2B0F6A79004E40ED /* InventoryItem.swift */; };
		A57311312B0F6A79004E40ED /* InventoryItem.swift in Sources */ = {isa = PBXBuildFile; fileRef = A573112F2B0F6A79004E40ED /* InventoryItem.swift */; };
		A57311332B0F6BAC004E40ED /* InventoryListVM.swift in Sources */ = {isa = PBXBuildFile; fileRef = A57311322B0F6BAC004E40ED /* InventoryListVM.swift */; };
		A57311342B0F6BAC004E40ED /* InventoryListVM.swift in Sources */ = {isa = PBXBuildFile; fileRef = A57311322B0F6BAC004E40ED /* InventoryListVM.swift */; };
		A57311362B0F6DFD004E40ED /* String+Extension.swift in Sources */ = {isa = PBXBuildFile; fileRef = A57311352B0F6DFD004E40ED /* String+Extension.swift */; };
		A57311372B0F6DFD004E40ED /* String+Extension.swift in Sources */ = {isa = PBXBuildFile; fileRef = A57311352B0F6DFD004E40ED /* String+Extension.swift */; };
		A58836BB2B0F66170090D96B /* AppDelegate.swift in Sources */ = {isa = PBXBuildFile; fileRef = A58836BA2B0F66170090D96B /* AppDelegate.swift */; };
		A58836BC2B0F66170090D96B /* AppDelegate.swift in Sources */ = {isa = PBXBuildFile; fileRef = A58836BA2B0F66170090D96B /* AppDelegate.swift */; };
		A5FB04ED2B0CDB3500F6686B /* TADInventoryTrackerApp.swift in Sources */ = {isa = PBXBuildFile; fileRef = A5FB04EC2B0CDB3500F6686B /* TADInventoryTrackerApp.swift */; };
		A5FB04F12B0CDB3600F6686B /* Assets.xcassets in Resources */ = {isa = PBXBuildFile; fileRef = A5FB04F02B0CDB3600F6686B /* Assets.xcassets */; };
		A5FB04F42B0CDB3600F6686B /* Preview Assets.xcassets in Resources */ = {isa = PBXBuildFile; fileRef = A5FB04F32B0CDB3600F6686B /* Preview Assets.xcassets */; };
		A5FB051F2B0CDB9100F6686B /* RealityKitContent in Frameworks */ = {isa = PBXBuildFile; productRef = A5FB051E2B0CDB9100F6686B /* RealityKitContent */; };
		A5FB05212B0CDB9100F6686B /* TADInventoryTrackerVisionApp.swift in Sources */ = {isa = PBXBuildFile; fileRef = A5FB05202B0CDB9100F6686B /* TADInventoryTrackerVisionApp.swift */; };
		A5FB05232B0CDB9100F6686B /* ContentView.swift in Sources */ = {isa = PBXBuildFile; fileRef = A5FB05222B0CDB9100F6686B /* ContentView.swift */; };
		A5FB05252B0CDB9300F6686B /* Assets.xcassets in Resources */ = {isa = PBXBuildFile; fileRef = A5FB05242B0CDB9300F6686B /* Assets.xcassets */; };
		A5FB05282B0CDB9300F6686B /* Preview Assets.xcassets in Resources */ = {isa = PBXBuildFile; fileRef = A5FB05272B0CDB9300F6686B /* Preview Assets.xcassets */; };
		A5FB053B2B0CDCE500F6686B /* GoogleService-Info.plist in Resources */ = {isa = PBXBuildFile; fileRef = A5FB053A2B0CDCE500F6686B /* GoogleService-Info.plist */; };
		A5FB05412B0CDFF500F6686B /* FirebaseFirestore in Frameworks */ = {isa = PBXBuildFile; productRef = A5FB05402B0CDFF500F6686B /* FirebaseFirestore */; };
		A5FB05432B0CDFF500F6686B /* FirebaseFirestoreSwift in Frameworks */ = {isa = PBXBuildFile; productRef = A5FB05422B0CDFF500F6686B /* FirebaseFirestoreSwift */; };
		A5FB05452B0CDFF500F6686B /* FirebaseStorage in Frameworks */ = {isa = PBXBuildFile; productRef = A5FB05442B0CDFF500F6686B /* FirebaseStorage */; };
		A5FB05472B0CE00500F6686B /* FirebaseFirestore in Frameworks */ = {isa = PBXBuildFile; productRef = A5FB05462B0CE00500F6686B /* FirebaseFirestore */; };
		A5FB05492B0CE00500F6686B /* FirebaseFirestoreSwift in Frameworks */ = {isa = PBXBuildFile; productRef = A5FB05482B0CE00500F6686B /* FirebaseFirestoreSwift */; };
		A5FB054B2B0CE00500F6686B /* FirebaseStorage in Frameworks */ = {isa = PBXBuildFile; productRef = A5FB054A2B0CE00500F6686B /* FirebaseStorage */; };
		A5FB054D2B0CE07300F6686B /* GoogleService-Info.plist in Resources */ = {isa = PBXBuildFile; fileRef = A5FB054C2B0CE07300F6686B /* GoogleService-Info.plist */; };
/* End PBXBuildFile section */

/* Begin PBXFileReference section */
		A566A3FC2B10A805009E0503 /* InventoryListView.swift */ = {isa = PBXFileReference; lastKnownFileType = sourcecode.swift; path = InventoryListView.swift; sourceTree = "<group>"; };
		A566A3FF2B10AC68009E0503 /* InventoryFormView.swift */ = {isa = PBXFileReference; lastKnownFileType = sourcecode.swift; path = InventoryFormView.swift; sourceTree = "<group>"; };
		A566A4022B10ACCB009E0503 /* InventoryFormVM.swift */ = {isa = PBXFileReference; lastKnownFileType = sourcecode.swift; path = InventoryFormVM.swift; sourceTree = "<group>"; };
		A573112F2B0F6A79004E40ED /* InventoryItem.swift */ = {isa = PBXFileReference; lastKnownFileType = sourcecode.swift; path = InventoryItem.swift; sourceTree = "<group>"; };
		A57311322B0F6BAC004E40ED /* InventoryListVM.swift */ = {isa = PBXFileReference; lastKnownFileType = sourcecode.swift; path = InventoryListVM.swift; sourceTree = "<group>"; };
		A57311352B0F6DFD004E40ED /* String+Extension.swift */ = {isa = PBXFileReference; lastKnownFileType = sourcecode.swift; path = "String+Extension.swift"; sourceTree = "<group>"; };
		A57DFF712B0F64E300E0E560 /* Info.plist */ = {isa = PBXFileReference; lastKnownFileType = text.plist; path = Info.plist; sourceTree = "<group>"; };
		A58836BA2B0F66170090D96B /* AppDelegate.swift */ = {isa = PBXFileReference; lastKnownFileType = sourcecode.swift; path = AppDelegate.swift; sourceTree = "<group>"; };
		A5FB04E92B0CDB3500F6686B /* TADInventoryTracker.app */ = {isa = PBXFileReference; explicitFileType = wrapper.application; includeInIndex = 0; path = TADInventoryTracker.app; sourceTree = BUILT_PRODUCTS_DIR; };
		A5FB04EC2B0CDB3500F6686B /* TADInventoryTrackerApp.swift */ = {isa = PBXFileReference; lastKnownFileType = sourcecode.swift; path = TADInventoryTrackerApp.swift; sourceTree = "<group>"; };
		A5FB04F02B0CDB3600F6686B /* Assets.xcassets */ = {isa = PBXFileReference; lastKnownFileType = folder.assetcatalog; path = Assets.xcassets; sourceTree = "<group>"; };
		A5FB04F32B0CDB3600F6686B /* Preview Assets.xcassets */ = {isa = PBXFileReference; lastKnownFileType = folder.assetcatalog; path = "Preview Assets.xcassets"; sourceTree = "<group>"; };
		A5FB04FD2B0CDB3600F6686B /* TADInventoryTrackerTests.swift */ = {isa = PBXFileReference; lastKnownFileType = sourcecode.swift; path = TADInventoryTrackerTests.swift; sourceTree = "<group>"; };
		A5FB05072B0CDB3600F6686B /* TADInventoryTrackerUITests.swift */ = {isa = PBXFileReference; lastKnownFileType = sourcecode.swift; path = TADInventoryTrackerUITests.swift; sourceTree = "<group>"; };
		A5FB05092B0CDB3600F6686B /* TADInventoryTrackerUITestsLaunchTests.swift */ = {isa = PBXFileReference; lastKnownFileType = sourcecode.swift; path = TADInventoryTrackerUITestsLaunchTests.swift; sourceTree = "<group>"; };
		A5FB051A2B0CDB9100F6686B /* TADInventoryTrackerVision.app */ = {isa = PBXFileReference; explicitFileType = wrapper.application; includeInIndex = 0; path = TADInventoryTrackerVision.app; sourceTree = BUILT_PRODUCTS_DIR; };
		A5FB051D2B0CDB9100F6686B /* RealityKitContent */ = {isa = PBXFileReference; lastKnownFileType = wrapper; path = RealityKitContent; sourceTree = "<group>"; };
		A5FB05202B0CDB9100F6686B /* TADInventoryTrackerVisionApp.swift */ = {isa = PBXFileReference; lastKnownFileType = sourcecode.swift; path = TADInventoryTrackerVisionApp.swift; sourceTree = "<group>"; };
		A5FB05222B0CDB9100F6686B /* ContentView.swift */ = {isa = PBXFileReference; lastKnownFileType = sourcecode.swift; path = ContentView.swift; sourceTree = "<group>"; };
		A5FB05242B0CDB9300F6686B /* Assets.xcassets */ = {isa = PBXFileReference; lastKnownFileType = folder.assetcatalog; path = Assets.xcassets; sourceTree = "<group>"; };
		A5FB05272B0CDB9300F6686B /* Preview Assets.xcassets */ = {isa = PBXFileReference; lastKnownFileType = folder.assetcatalog; path = "Preview Assets.xcassets"; sourceTree = "<group>"; };
		A5FB05292B0CDB9300F6686B /* Info.plist */ = {isa = PBXFileReference; lastKnownFileType = text.plist.xml; path = Info.plist; sourceTree = "<group>"; };
		A5FB05322B0CDB9300F6686B /* TADInventoryTrackerVisionTests.swift */ = {isa = PBXFileReference; lastKnownFileType = sourcecode.swift; path = TADInventoryTrackerVisionTests.swift; sourceTree = "<group>"; };
		A5FB053A2B0CDCE500F6686B /* GoogleService-Info.plist */ = {isa = PBXFileReference; fileEncoding = 4; lastKnownFileType = text.plist.xml; path = "GoogleService-Info.plist"; sourceTree = "<group>"; };
		A5FB054C2B0CE07300F6686B /* GoogleService-Info.plist */ = {isa = PBXFileReference; fileEncoding = 4; lastKnownFileType = text.plist.xml; path = "GoogleService-Info.plist"; sourceTree = "<group>"; };
/* End PBXFileReference section */

/* Begin PBXFrameworksBuildPhase section */
		A5FB04E62B0CDB3500F6686B /* Frameworks */ = {
			isa = PBXFrameworksBuildPhase;
			buildActionMask = 2147483647;
			files = (
				A5FB05412B0CDFF500F6686B /* FirebaseFirestore in Frameworks */,
				A5FB05432B0CDFF500F6686B /* FirebaseFirestoreSwift in Frameworks */,
				A5FB05452B0CDFF500F6686B /* FirebaseStorage in Frameworks */,
			);
			runOnlyForDeploymentPostprocessing = 0;
		};
		A5FB05172B0CDB9100F6686B /* Frameworks */ = {
			isa = PBXFrameworksBuildPhase;
			buildActionMask = 2147483647;
			files = (
				A5FB051F2B0CDB9100F6686B /* RealityKitContent in Frameworks */,
				A5FB054B2B0CE00500F6686B /* FirebaseStorage in Frameworks */,
				A5FB05472B0CE00500F6686B /* FirebaseFirestore in Frameworks */,
				A5FB05492B0CE00500F6686B /* FirebaseFirestoreSwift in Frameworks */,
			);
			runOnlyForDeploymentPostprocessing = 0;
		};
/* End PBXFrameworksBuildPhase section */

/* Begin PBXGroup section */
		A566A3FE2B10AB26009E0503 /* Views */ = {
			isa = PBXGroup;
			children = (
				A566A3FC2B10A805009E0503 /* InventoryListView.swift */,
				A566A3FF2B10AC68009E0503 /* InventoryFormView.swift */,
			);
			path = Views;
			sourceTree = "<group>";
		};
		A566A4012B10AC93009E0503 /* Observables */ = {
			isa = PBXGroup;
			children = (
				A566A4022B10ACCB009E0503 /* InventoryFormVM.swift */,
			);
			path = Observables;
			sourceTree = "<group>";
		};
		A573112E2B0F6A63004E40ED /* Models */ = {
			isa = PBXGroup;
			children = (
				A573112F2B0F6A79004E40ED /* InventoryItem.swift */,
			);
			path = Models;
			sourceTree = "<group>";
		};
		A57311382B0F6E02004E40ED /* Observables */ = {
			isa = PBXGroup;
			children = (
				A57311322B0F6BAC004E40ED /* InventoryListVM.swift */,
			);
			path = Observables;
			sourceTree = "<group>";
		};
		A58836B92B0F65F30090D96B /* Shared */ = {
			isa = PBXGroup;
			children = (
				A57311382B0F6E02004E40ED /* Observables */,
				A573112E2B0F6A63004E40ED /* Models */,
				A58836BA2B0F66170090D96B /* AppDelegate.swift */,
				A57311352B0F6DFD004E40ED /* String+Extension.swift */,
			);
			path = Shared;
			sourceTree = "<group>";
		};
		A5FB04E02B0CDB3500F6686B = {
			isa = PBXGroup;
			children = (
				A58836B92B0F65F30090D96B /* Shared */,
				A5FB04EB2B0CDB3500F6686B /* TADInventoryTracker */,
				A5FB04FC2B0CDB3600F6686B /* TADInventoryTrackerTests */,
				A5FB05062B0CDB3600F6686B /* TADInventoryTrackerUITests */,
				A5FB051B2B0CDB9100F6686B /* TADInventoryTrackerVision */,
				A5FB051C2B0CDB9100F6686B /* Packages */,
				A5FB05312B0CDB9300F6686B /* TADInventoryTrackerVisionTests */,
				A5FB04EA2B0CDB3500F6686B /* Products */,
				A5FB053F2B0CDFF500F6686B /* Frameworks */,
			);
			sourceTree = "<group>";
		};
		A5FB04EA2B0CDB3500F6686B /* Products */ = {
			isa = PBXGroup;
			children = (
				A5FB04E92B0CDB3500F6686B /* TADInventoryTracker.app */,
				A5FB051A2B0CDB9100F6686B /* TADInventoryTrackerVision.app */,
			);
			name = Products;
			sourceTree = "<group>";
		};
		A5FB04EB2B0CDB3500F6686B /* TADInventoryTracker */ = {
			isa = PBXGroup;
			children = (
				A566A4012B10AC93009E0503 /* Observables */,
				A566A3FE2B10AB26009E0503 /* Views */,
				A57DFF712B0F64E300E0E560 /* Info.plist */,
				A5FB04EC2B0CDB3500F6686B /* TADInventoryTrackerApp.swift */,
				A5FB053A2B0CDCE500F6686B /* GoogleService-Info.plist */,
				A5FB04F02B0CDB3600F6686B /* Assets.xcassets */,
				A5FB04F22B0CDB3600F6686B /* Preview Content */,
			);
			path = TADInventoryTracker;
			sourceTree = "<group>";
		};
		A5FB04F22B0CDB3600F6686B /* Preview Content */ = {
			isa = PBXGroup;
			children = (
				A5FB04F32B0CDB3600F6686B /* Preview Assets.xcassets */,
			);
			path = "Preview Content";
			sourceTree = "<group>";
		};
		A5FB04FC2B0CDB3600F6686B /* TADInventoryTrackerTests */ = {
			isa = PBXGroup;
			children = (
				A5FB04FD2B0CDB3600F6686B /* TADInventoryTrackerTests.swift */,
			);
			path = TADInventoryTrackerTests;
			sourceTree = "<group>";
		};
		A5FB05062B0CDB3600F6686B /* TADInventoryTrackerUITests */ = {
			isa = PBXGroup;
			children = (
				A5FB05072B0CDB3600F6686B /* TADInventoryTrackerUITests.swift */,
				A5FB05092B0CDB3600F6686B /* TADInventoryTrackerUITestsLaunchTests.swift */,
			);
			path = TADInventoryTrackerUITests;
			sourceTree = "<group>";
		};
		A5FB051B2B0CDB9100F6686B /* TADInventoryTrackerVision */ = {
			isa = PBXGroup;
			children = (
				A5FB05202B0CDB9100F6686B /* TADInventoryTrackerVisionApp.swift */,
				A5FB05222B0CDB9100F6686B /* ContentView.swift */,
				A5FB054C2B0CE07300F6686B /* GoogleService-Info.plist */,
				A5FB05242B0CDB9300F6686B /* Assets.xcassets */,
				A5FB05292B0CDB9300F6686B /* Info.plist */,
				A5FB05262B0CDB9300F6686B /* Preview Content */,
			);
			path = TADInventoryTrackerVision;
			sourceTree = "<group>";
		};
		A5FB051C2B0CDB9100F6686B /* Packages */ = {
			isa = PBXGroup;
			children = (
				A5FB051D2B0CDB9100F6686B /* RealityKitContent */,
			);
			path = Packages;
			sourceTree = "<group>";
		};
		A5FB05262B0CDB9300F6686B /* Preview Content */ = {
			isa = PBXGroup;
			children = (
				A5FB05272B0CDB9300F6686B /* Preview Assets.xcassets */,
			);
			path = "Preview Content";
			sourceTree = "<group>";
		};
		A5FB05312B0CDB9300F6686B /* TADInventoryTrackerVisionTests */ = {
			isa = PBXGroup;
			children = (
				A5FB05322B0CDB9300F6686B /* TADInventoryTrackerVisionTests.swift */,
			);
			path = TADInventoryTrackerVisionTests;
			sourceTree = "<group>";
		};
		A5FB053F2B0CDFF500F6686B /* Frameworks */ = {
			isa = PBXGroup;
			children = (
			);
			name = Frameworks;
			sourceTree = "<group>";
		};
/* End PBXGroup section */

/* Begin PBXNativeTarget section */
		A5FB04E82B0CDB3500F6686B /* TADInventoryTracker */ = {
			isa = PBXNativeTarget;
			buildConfigurationList = A5FB050D2B0CDB3600F6686B /* Build configuration list for PBXNativeTarget "TADInventoryTracker" */;
			buildPhases = (
				A5FB04E52B0CDB3500F6686B /* Sources */,
				A5FB04E62B0CDB3500F6686B /* Frameworks */,
				A5FB04E72B0CDB3500F6686B /* Resources */,
			);
			buildRules = (
			);
			dependencies = (
			);
			name = TADInventoryTracker;
			packageProductDependencies = (
				A5FB05402B0CDFF500F6686B /* FirebaseFirestore */,
				A5FB05422B0CDFF500F6686B /* FirebaseFirestoreSwift */,
				A5FB05442B0CDFF500F6686B /* FirebaseStorage */,
			);
			productName = TADInventoryTracker;
			productReference = A5FB04E92B0CDB3500F6686B /* TADInventoryTracker.app */;
			productType = "com.apple.product-type.application";
		};
		A5FB05192B0CDB9100F6686B /* TADInventoryTrackerVision */ = {
			isa = PBXNativeTarget;
			buildConfigurationList = A5FB05342B0CDB9300F6686B /* Build configuration list for PBXNativeTarget "TADInventoryTrackerVision" */;
			buildPhases = (
				A5FB05162B0CDB9100F6686B /* Sources */,
				A5FB05172B0CDB9100F6686B /* Frameworks */,
				A5FB05182B0CDB9100F6686B /* Resources */,
			);
			buildRules = (
			);
			dependencies = (
			);
			name = TADInventoryTrackerVision;
			packageProductDependencies = (
				A5FB051E2B0CDB9100F6686B /* RealityKitContent */,
				A5FB05462B0CE00500F6686B /* FirebaseFirestore */,
				A5FB05482B0CE00500F6686B /* FirebaseFirestoreSwift */,
				A5FB054A2B0CE00500F6686B /* FirebaseStorage */,
			);
			productName = TADInventoryTrackerVision;
			productReference = A5FB051A2B0CDB9100F6686B /* TADInventoryTrackerVision.app */;
			productType = "com.apple.product-type.application";
		};
/* End PBXNativeTarget section */

/* Begin PBXProject section */
		A5FB04E12B0CDB3500F6686B /* Project object */ = {
			isa = PBXProject;
			attributes = {
				BuildIndependentTargetsInParallel = 1;
				LastSwiftUpdateCheck = 1510;
				LastUpgradeCheck = 1510;
				TargetAttributes = {
					A5FB04E82B0CDB3500F6686B = {
						CreatedOnToolsVersion = 15.1;
					};
					A5FB05192B0CDB9100F6686B = {
						CreatedOnToolsVersion = 15.1;
					};
				};
			};
			buildConfigurationList = A5FB04E42B0CDB3500F6686B /* Build configuration list for PBXProject "TADInventoryTracker" */;
			compatibilityVersion = "Xcode 14.0";
			developmentRegion = en;
			hasScannedForEncodings = 0;
			knownRegions = (
				en,
				Base,
			);
			mainGroup = A5FB04E02B0CDB3500F6686B;
			packageReferences = (
				A5FB053C2B0CDEBC00F6686B /* XCRemoteSwiftPackageReference "firebase-ios-sdk" */,
			);
			productRefGroup = A5FB04EA2B0CDB3500F6686B /* Products */;
			projectDirPath = "";
			projectRoot = "";
			targets = (
				A5FB04E82B0CDB3500F6686B /* TADInventoryTracker */,
				A5FB05192B0CDB9100F6686B /* TADInventoryTrackerVision */,
			);
		};
/* End PBXProject section */

/* Begin PBXResourcesBuildPhase section */
		A5FB04E72B0CDB3500F6686B /* Resources */ = {
			isa = PBXResourcesBuildPhase;
			buildActionMask = 2147483647;
			files = (
				A5FB04F42B0CDB3600F6686B /* Preview Assets.xcassets in Resources */,
				A5FB04F12B0CDB3600F6686B /* Assets.xcassets in Resources */,
				A5FB053B2B0CDCE500F6686B /* GoogleService-Info.plist in Resources */,
			);
			runOnlyForDeploymentPostprocessing = 0;
		};
		A5FB05182B0CDB9100F6686B /* Resources */ = {
			isa = PBXResourcesBuildPhase;
			buildActionMask = 2147483647;
			files = (
				A5FB05282B0CDB9300F6686B /* Preview Assets.xcassets in Resources */,
				A5FB05252B0CDB9300F6686B /* Assets.xcassets in Resources */,
				A5FB054D2B0CE07300F6686B /* GoogleService-Info.plist in Resources */,
			);
			runOnlyForDeploymentPostprocessing = 0;
		};
/* End PBXResourcesBuildPhase section */

/* Begin PBXSourcesBuildPhase section */
		A5FB04E52B0CDB3500F6686B /* Sources */ = {
			isa = PBXSourcesBuildPhase;
			buildActionMask = 2147483647;
			files = (
				A58836BB2B0F66170090D96B /* AppDelegate.swift in Sources */,
				A5FB04ED2B0CDB3500F6686B /* TADInventoryTrackerApp.swift in Sources */,
				A566A4032B10ACCB009E0503 /* InventoryFormVM.swift in Sources */,
				A57311332B0F6BAC004E40ED /* InventoryListVM.swift in Sources */,
				A57311362B0F6DFD004E40ED /* String+Extension.swift in Sources */,
				A57311302B0F6A79004E40ED /* InventoryItem.swift in Sources */,
				A566A3FD2B10A805009E0503 /* InventoryListView.swift in Sources */,
				A566A4002B10AC68009E0503 /* InventoryFormView.swift in Sources */,
			);
			runOnlyForDeploymentPostprocessing = 0;
		};
		A5FB05162B0CDB9100F6686B /* Sources */ = {
			isa = PBXSourcesBuildPhase;
			buildActionMask = 2147483647;
			files = (
				A58836BC2B0F66170090D96B /* AppDelegate.swift in Sources */,
				A5FB05232B0CDB9100F6686B /* ContentView.swift in Sources */,
				A5FB05212B0CDB9100F6686B /* TADInventoryTrackerVisionApp.swift in Sources */,
				A57311342B0F6BAC004E40ED /* InventoryListVM.swift in Sources */,
				A57311372B0F6DFD004E40ED /* String+Extension.swift in Sources */,
				A57311312B0F6A79004E40ED /* InventoryItem.swift in Sources */,
			);
			runOnlyForDeploymentPostprocessing = 0;
		};
/* End PBXSourcesBuildPhase section */

/* Begin XCBuildConfiguration section */
		A5FB050B2B0CDB3600F6686B /* Debug */ = {
			isa = XCBuildConfiguration;
			buildSettings = {
				ALWAYS_SEARCH_USER_PATHS = NO;
				ASSETCATALOG_COMPILER_GENERATE_SWIFT_ASSET_SYMBOL_EXTENSIONS = YES;
				CLANG_ANALYZER_NONNULL = YES;
				CLANG_ANALYZER_NUMBER_OBJECT_CONVERSION = YES_AGGRESSIVE;
				CLANG_CXX_LANGUAGE_STANDARD = "gnu++20";
				CLANG_ENABLE_MODULES = YES;
				CLANG_ENABLE_OBJC_ARC = YES;
				CLANG_ENABLE_OBJC_WEAK = YES;
				CLANG_WARN_BLOCK_CAPTURE_AUTORELEASING = YES;
				CLANG_WARN_BOOL_CONVERSION = YES;
				CLANG_WARN_COMMA = YES;
				CLANG_WARN_CONSTANT_CONVERSION = YES;
				CLANG_WARN_DEPRECATED_OBJC_IMPLEMENTATIONS = YES;
				CLANG_WARN_DIRECT_OBJC_ISA_USAGE = YES_ERROR;
				CLANG_WARN_DOCUMENTATION_COMMENTS = YES;
				CLANG_WARN_EMPTY_BODY = YES;
				CLANG_WARN_ENUM_CONVERSION = YES;
				CLANG_WARN_INFINITE_RECURSION = YES;
				CLANG_WARN_INT_CONVERSION = YES;
				CLANG_WARN_NON_LITERAL_NULL_CONVERSION = YES;
				CLANG_WARN_OBJC_IMPLICIT_RETAIN_SELF = YES;
				CLANG_WARN_OBJC_LITERAL_CONVERSION = YES;
				CLANG_WARN_OBJC_ROOT_CLASS = YES_ERROR;
				CLANG_WARN_QUOTED_INCLUDE_IN_FRAMEWORK_HEADER = YES;
				CLANG_WARN_RANGE_LOOP_ANALYSIS = YES;
				CLANG_WARN_STRICT_PROTOTYPES = YES;
				CLANG_WARN_SUSPICIOUS_MOVE = YES;
				CLANG_WARN_UNGUARDED_AVAILABILITY = YES_AGGRESSIVE;
				CLANG_WARN_UNREACHABLE_CODE = YES;
				CLANG_WARN__DUPLICATE_METHOD_MATCH = YES;
				COPY_PHASE_STRIP = NO;
				DEBUG_INFORMATION_FORMAT = dwarf;
				ENABLE_STRICT_OBJC_MSGSEND = YES;
				ENABLE_TESTABILITY = YES;
				ENABLE_USER_SCRIPT_SANDBOXING = YES;
				GCC_C_LANGUAGE_STANDARD = gnu17;
				GCC_DYNAMIC_NO_PIC = NO;
				GCC_NO_COMMON_BLOCKS = YES;
				GCC_OPTIMIZATION_LEVEL = 0;
				GCC_PREPROCESSOR_DEFINITIONS = (
					"DEBUG=1",
					"$(inherited)",
				);
				GCC_WARN_64_TO_32_BIT_CONVERSION = YES;
				GCC_WARN_ABOUT_RETURN_TYPE = YES_ERROR;
				GCC_WARN_UNDECLARED_SELECTOR = YES;
				GCC_WARN_UNINITIALIZED_AUTOS = YES_AGGRESSIVE;
				GCC_WARN_UNUSED_FUNCTION = YES;
				GCC_WARN_UNUSED_VARIABLE = YES;
				IPHONEOS_DEPLOYMENT_TARGET = 17.0;
				LOCALIZATION_PREFERS_STRING_CATALOGS = YES;
				MTL_ENABLE_DEBUG_INFO = INCLUDE_SOURCE;
				MTL_FAST_MATH = YES;
				ONLY_ACTIVE_ARCH = YES;
				SDKROOT = iphoneos;
				SWIFT_ACTIVE_COMPILATION_CONDITIONS = "DEBUG $(inherited)";
				SWIFT_OPTIMIZATION_LEVEL = "-Onone";
			};
			name = Debug;
		};
		A5FB050C2B0CDB3600F6686B /* Release */ = {
			isa = XCBuildConfiguration;
			buildSettings = {
				ALWAYS_SEARCH_USER_PATHS = NO;
				ASSETCATALOG_COMPILER_GENERATE_SWIFT_ASSET_SYMBOL_EXTENSIONS = YES;
				CLANG_ANALYZER_NONNULL = YES;
				CLANG_ANALYZER_NUMBER_OBJECT_CONVERSION = YES_AGGRESSIVE;
				CLANG_CXX_LANGUAGE_STANDARD = "gnu++20";
				CLANG_ENABLE_MODULES = YES;
				CLANG_ENABLE_OBJC_ARC = YES;
				CLANG_ENABLE_OBJC_WEAK = YES;
				CLANG_WARN_BLOCK_CAPTURE_AUTORELEASING = YES;
				CLANG_WARN_BOOL_CONVERSION = YES;
				CLANG_WARN_COMMA = YES;
				CLANG_WARN_CONSTANT_CONVERSION = YES;
				CLANG_WARN_DEPRECATED_OBJC_IMPLEMENTATIONS = YES;
				CLANG_WARN_DIRECT_OBJC_ISA_USAGE = YES_ERROR;
				CLANG_WARN_DOCUMENTATION_COMMENTS = YES;
				CLANG_WARN_EMPTY_BODY = YES;
				CLANG_WARN_ENUM_CONVERSION = YES;
				CLANG_WARN_INFINITE_RECURSION = YES;
				CLANG_WARN_INT_CONVERSION = YES;
				CLANG_WARN_NON_LITERAL_NULL_CONVERSION = YES;
				CLANG_WARN_OBJC_IMPLICIT_RETAIN_SELF = YES;
				CLANG_WARN_OBJC_LITERAL_CONVERSION = YES;
				CLANG_WARN_OBJC_ROOT_CLASS = YES_ERROR;
				CLANG_WARN_QUOTED_INCLUDE_IN_FRAMEWORK_HEADER = YES;
				CLANG_WARN_RANGE_LOOP_ANALYSIS = YES;
				CLANG_WARN_STRICT_PROTOTYPES = YES;
				CLANG_WARN_SUSPICIOUS_MOVE = YES;
				CLANG_WARN_UNGUARDED_AVAILABILITY = YES_AGGRESSIVE;
				CLANG_WARN_UNREACHABLE_CODE = YES;
				CLANG_WARN__DUPLICATE_METHOD_MATCH = YES;
				COPY_PHASE_STRIP = NO;
				DEBUG_INFORMATION_FORMAT = "dwarf-with-dsym";
				ENABLE_NS_ASSERTIONS = NO;
				ENABLE_STRICT_OBJC_MSGSEND = YES;
				ENABLE_USER_SCRIPT_SANDBOXING = YES;
				GCC_C_LANGUAGE_STANDARD = gnu17;
				GCC_NO_COMMON_BLOCKS = YES;
				GCC_WARN_64_TO_32_BIT_CONVERSION = YES;
				GCC_WARN_ABOUT_RETURN_TYPE = YES_ERROR;
				GCC_WARN_UNDECLARED_SELECTOR = YES;
				GCC_WARN_UNINITIALIZED_AUTOS = YES_AGGRESSIVE;
				GCC_WARN_UNUSED_FUNCTION = YES;
				GCC_WARN_UNUSED_VARIABLE = YES;
				IPHONEOS_DEPLOYMENT_TARGET = 17.0;
				LOCALIZATION_PREFERS_STRING_CATALOGS = YES;
				MTL_ENABLE_DEBUG_INFO = NO;
				MTL_FAST_MATH = YES;
				SDKROOT = iphoneos;
				SWIFT_COMPILATION_MODE = wholemodule;
				VALIDATE_PRODUCT = YES;
			};
			name = Release;
		};
		A5FB050E2B0CDB3600F6686B /* Debug */ = {
			isa = XCBuildConfiguration;
			buildSettings = {
				ASSETCATALOG_COMPILER_APPICON_NAME = AppIcon;
				ASSETCATALOG_COMPILER_GLOBAL_ACCENT_COLOR_NAME = AccentColor;
				CODE_SIGN_STYLE = Automatic;
				CURRENT_PROJECT_VERSION = 1;
				DEVELOPMENT_ASSET_PATHS = "\"TADInventoryTracker/Preview Content\"";
				ENABLE_PREVIEWS = YES;
				GENERATE_INFOPLIST_FILE = YES;
				INFOPLIST_FILE = TADInventoryTracker/Info.plist;
				INFOPLIST_KEY_LSApplicationCategoryType = "";
				INFOPLIST_KEY_UIApplicationSceneManifest_Generation = YES;
				INFOPLIST_KEY_UIApplicationSupportsIndirectInputEvents = YES;
				INFOPLIST_KEY_UILaunchScreen_Generation = YES;
				INFOPLIST_KEY_UISupportedInterfaceOrientations_iPad = "UIInterfaceOrientationPortrait UIInterfaceOrientationPortraitUpsideDown UIInterfaceOrientationLandscapeLeft UIInterfaceOrientationLandscapeRight";
				INFOPLIST_KEY_UISupportedInterfaceOrientations_iPhone = "UIInterfaceOrientationPortrait UIInterfaceOrientationLandscapeLeft UIInterfaceOrientationLandscapeRight";
				LD_RUNPATH_SEARCH_PATHS = (
					"$(inherited)",
					"@executable_path/Frameworks",
				);
				MARKETING_VERSION = 1.0;
				PRODUCT_BUNDLE_IDENTIFIER = theappsdoctor.TADInventoryTracker;
				PRODUCT_NAME = "$(TARGET_NAME)";
				SWIFT_EMIT_LOC_STRINGS = YES;
				SWIFT_VERSION = 5.0;
				TARGETED_DEVICE_FAMILY = "1,2";
			};
			name = Debug;
		};
		A5FB050F2B0CDB3600F6686B /* Release */ = {
			isa = XCBuildConfiguration;
			buildSettings = {
				ASSETCATALOG_COMPILER_APPICON_NAME = AppIcon;
				ASSETCATALOG_COMPILER_GLOBAL_ACCENT_COLOR_NAME = AccentColor;
				CODE_SIGN_STYLE = Automatic;
				CURRENT_PROJECT_VERSION = 1;
				DEVELOPMENT_ASSET_PATHS = "\"TADInventoryTracker/Preview Content\"";
				ENABLE_PREVIEWS = YES;
				GENERATE_INFOPLIST_FILE = YES;
				INFOPLIST_FILE = TADInventoryTracker/Info.plist;
				INFOPLIST_KEY_LSApplicationCategoryType = "";
				INFOPLIST_KEY_UIApplicationSceneManifest_Generation = YES;
				INFOPLIST_KEY_UIApplicationSupportsIndirectInputEvents = YES;
				INFOPLIST_KEY_UILaunchScreen_Generation = YES;
				INFOPLIST_KEY_UISupportedInterfaceOrientations_iPad = "UIInterfaceOrientationPortrait UIInterfaceOrientationPortraitUpsideDown UIInterfaceOrientationLandscapeLeft UIInterfaceOrientationLandscapeRight";
				INFOPLIST_KEY_UISupportedInterfaceOrientations_iPhone = "UIInterfaceOrientationPortrait UIInterfaceOrientationLandscapeLeft UIInterfaceOrientationLandscapeRight";
				LD_RUNPATH_SEARCH_PATHS = (
					"$(inherited)",
					"@executable_path/Frameworks",
				);
				MARKETING_VERSION = 1.0;
				PRODUCT_BUNDLE_IDENTIFIER = theappsdoctor.TADInventoryTracker;
				PRODUCT_NAME = "$(TARGET_NAME)";
				SWIFT_EMIT_LOC_STRINGS = YES;
				SWIFT_VERSION = 5.0;
				TARGETED_DEVICE_FAMILY = "1,2";
			};
			name = Release;
		};
		A5FB05352B0CDB9300F6686B /* Debug */ = {
			isa = XCBuildConfiguration;
			buildSettings = {
				ASSETCATALOG_COMPILER_APPICON_NAME = AppIcon;
				ASSETCATALOG_COMPILER_GLOBAL_ACCENT_COLOR_NAME = AccentColor;
				CODE_SIGN_STYLE = Automatic;
				CURRENT_PROJECT_VERSION = 1;
				DEVELOPMENT_ASSET_PATHS = "\"TADInventoryTrackerVision/Preview Content\"";
				ENABLE_PREVIEWS = YES;
				GENERATE_INFOPLIST_FILE = YES;
				INFOPLIST_FILE = "$(TARGET_NAME)/Info.plist";
				LD_RUNPATH_SEARCH_PATHS = (
					"$(inherited)",
					"@executable_path/Frameworks",
				);
				MARKETING_VERSION = 1.0;
				PRODUCT_BUNDLE_IDENTIFIER = theappsdoctor.TADInventoryTrackerVision;
				PRODUCT_NAME = "$(TARGET_NAME)";
				SDKROOT = xros;
				SUPPORTED_PLATFORMS = "xros xrsimulator";
				SWIFT_EMIT_LOC_STRINGS = YES;
				SWIFT_VERSION = 5.0;
				TARGETED_DEVICE_FAMILY = "1,2,7";
				XROS_DEPLOYMENT_TARGET = 1.0;
			};
			name = Debug;
		};
		A5FB05362B0CDB9300F6686B /* Release */ = {
			isa = XCBuildConfiguration;
			buildSettings = {
				ASSETCATALOG_COMPILER_APPICON_NAME = AppIcon;
				ASSETCATALOG_COMPILER_GLOBAL_ACCENT_COLOR_NAME = AccentColor;
				CODE_SIGN_STYLE = Automatic;
				CURRENT_PROJECT_VERSION = 1;
				DEVELOPMENT_ASSET_PATHS = "\"TADInventoryTrackerVision/Preview Content\"";
				ENABLE_PREVIEWS = YES;
				GENERATE_INFOPLIST_FILE = YES;
				INFOPLIST_FILE = "$(TARGET_NAME)/Info.plist";
				LD_RUNPATH_SEARCH_PATHS = (
					"$(inherited)",
					"@executable_path/Frameworks",
				);
				MARKETING_VERSION = 1.0;
				PRODUCT_BUNDLE_IDENTIFIER = theappsdoctor.TADInventoryTrackerVision;
				PRODUCT_NAME = "$(TARGET_NAME)";
				SDKROOT = xros;
				SUPPORTED_PLATFORMS = "xros xrsimulator";
				SWIFT_EMIT_LOC_STRINGS = YES;
				SWIFT_VERSION = 5.0;
				TARGETED_DEVICE_FAMILY = "1,2,7";
				XROS_DEPLOYMENT_TARGET = 1.0;
			};
			name = Release;
		};
/* End XCBuildConfiguration section */

/* Begin XCConfigurationList section */
		A5FB04E42B0CDB3500F6686B /* Build configuration list for PBXProject "TADInventoryTracker" */ = {
			isa = XCConfigurationList;
			buildConfigurations = (
				A5FB050B2B0CDB3600F6686B /* Debug */,
				A5FB050C2B0CDB3600F6686B /* Release */,
			);
			defaultConfigurationIsVisible = 0;
			defaultConfigurationName = Release;
		};
		A5FB050D2B0CDB3600F6686B /* Build configuration list for PBXNativeTarget "TADInventoryTracker" */ = {
			isa = XCConfigurationList;
			buildConfigurations = (
				A5FB050E2B0CDB3600F6686B /* Debug */,
				A5FB050F2B0CDB3600F6686B /* Release */,
			);
			defaultConfigurationIsVisible = 0;
			defaultConfigurationName = Release;
		};
		A5FB05342B0CDB9300F6686B /* Build configuration list for PBXNativeTarget "TADInventoryTrackerVision" */ = {
			isa = XCConfigurationList;
			buildConfigurations = (
				A5FB05352B0CDB9300F6686B /* Debug */,
				A5FB05362B0CDB9300F6686B /* Release */,
			);
			defaultConfigurationIsVisible = 0;
			defaultConfigurationName = Release;
		};
/* End XCConfigurationList section */

/* Begin XCRemoteSwiftPackageReference section */
		A5FB053C2B0CDEBC00F6686B /* XCRemoteSwiftPackageReference "firebase-ios-sdk" */ = {
			isa = XCRemoteSwiftPackageReference;
			repositoryURL = "https://github.com/firebase/firebase-ios-sdk";
			requirement = {
				kind = upToNextMajorVersion;
				minimumVersion = 10.18.0;
			};
		};
/* End XCRemoteSwiftPackageReference section */

/* Begin XCSwiftPackageProductDependency section */
		A5FB051E2B0CDB9100F6686B /* RealityKitContent */ = {
			isa = XCSwiftPackageProductDependency;
			productName = RealityKitContent;
		};
		A5FB05402B0CDFF500F6686B /* FirebaseFirestore */ = {
			isa = XCSwiftPackageProductDependency;
			package = A5FB053C2B0CDEBC00F6686B /* XCRemoteSwiftPackageReference "firebase-ios-sdk" */;
			productName = FirebaseFirestore;
		};
		A5FB05422B0CDFF500F6686B /* FirebaseFirestoreSwift */ = {
			isa = XCSwiftPackageProductDependency;
			package = A5FB053C2B0CDEBC00F6686B /* XCRemoteSwiftPackageReference "firebase-ios-sdk" */;
			productName = FirebaseFirestoreSwift;
		};
		A5FB05442B0CDFF500F6686B /* FirebaseStorage */ = {
			isa = XCSwiftPackageProductDependency;
			package = A5FB053C2B0CDEBC00F6686B /* XCRemoteSwiftPackageReference "firebase-ios-sdk" */;
			productName = FirebaseStorage;
		};
		A5FB05462B0CE00500F6686B /* FirebaseFirestore */ = {
			isa = XCSwiftPackageProductDependency;
			package = A5FB053C2B0CDEBC00F6686B /* XCRemoteSwiftPackageReference "firebase-ios-sdk" */;
			productName = FirebaseFirestore;
		};
		A5FB05482B0CE00500F6686B /* FirebaseFirestoreSwift */ = {
			isa = XCSwiftPackageProductDependency;
			package = A5FB053C2B0CDEBC00F6686B /* XCRemoteSwiftPackageReference "firebase-ios-sdk" */;
			productName = FirebaseFirestoreSwift;
		};
		A5FB054A2B0CE00500F6686B /* FirebaseStorage */ = {
			isa = XCSwiftPackageProductDependency;
			package = A5FB053C2B0CDEBC00F6686B /* XCRemoteSwiftPackageReference "firebase-ios-sdk" */;
			productName = FirebaseStorage;
		};
/* End XCSwiftPackageProductDependency section */
	};
	rootObject = A5FB04E12B0CDB3500F6686B /* Project object */;
}
